
Microsoft Visual Studio Solution File, Format Version 12.00
# Visual Studio 2012
Project("{8BC9CEB8-8B4A-11D0-8D11-00A0C91BC942}") = "OpticSensorApp", "OpticSensorApp\OpticSensorApp.vcxproj", "{03D618D2-BC88-4FF6-84DC-C15CBD14EEA8}"
	ProjectSection(ProjectDependencies) = postProject
		{F0BC004B-EBB3-42EC-962E-70F1C96CA83B} = {F0BC004B-EBB3-42EC-962E-70F1C96CA83B}
	EndProjectSection
EndProject
Project("{8BC9CEB8-8B4A-11D0-8D11-00A0C91BC942}") = "OpticSensorLib", "OpticSensorLib\OpticSensorLib.vcxproj", "{F0BC004B-EBB3-42EC-962E-70F1C96CA83B}"
	ProjectSection(ProjectDependencies) = postProject
		{0912BFB8-CD06-4E45-B84D-C504DBCAB902} = {0912BFB8-CD06-4E45-B84D-C504DBCAB902}
	EndProjectSection
EndProject
Project("{8BC9CEB8-8B4A-11D0-8D11-00A0C91BC942}") = "OpticSensorTest", "OpticSensorTest\OpticSensorTest.vcxproj", "{2EF314E3-4A07-44CA-9E86-E303B72E4D3D}"
	ProjectSection(ProjectDependencies) = postProject
		{F0BC004B-EBB3-42EC-962E-70F1C96CA83B} = {F0BC004B-EBB3-42EC-962E-70F1C96CA83B}
	EndProjectSection
EndProject
Project("{8BC9CEB8-8B4A-11D0-8D11-00A0C91BC942}") = "MathBase", "MathBase\MathBase.vcxproj", "{0912BFB8-CD06-4E45-B84D-C504DBCAB902}"
EndProject
Project("{8BC9CEB8-8B4A-11D0-8D11-00A0C91BC942}") = "MathTests", "MathTests\MathTests.vcxproj", "{2A92A982-3809-4543-BDA7-067487C6A68C}"
	ProjectSection(ProjectDependencies) = postProject
		{0912BFB8-CD06-4E45-B84D-C504DBCAB902} = {0912BFB8-CD06-4E45-B84D-C504DBCAB902}
	EndProjectSection
EndProject
Global
	GlobalSection(SolutionConfigurationPlatforms) = preSolution
		Debug|Win32 = Debug|Win32
		DebugStatic|Win32 = DebugStatic|Win32
		Release|Win32 = Release|Win32
		ReleaseStatic|Win32 = ReleaseStatic|Win32
	EndGlobalSection
	GlobalSection(ProjectConfigurationPlatforms) = postSolution
		{03D618D2-BC88-4FF6-84DC-C15CBD14EEA8}.Debug|Win32.ActiveCfg = Debug|Win32
		{03D618D2-BC88-4FF6-84DC-C15CBD14EEA8}.Debug|Win32.Build.0 = Debug|Win32
		{03D618D2-BC88-4FF6-84DC-C15CBD14EEA8}.DebugStatic|Win32.ActiveCfg = Debug|Win32
		{03D618D2-BC88-4FF6-84DC-C15CBD14EEA8}.DebugStatic|Win32.Build.0 = Debug|Win32
		{03D618D2-BC88-4FF6-84DC-C15CBD14EEA8}.Release|Win32.ActiveCfg = Release|Win32
		{03D618D2-BC88-4FF6-84DC-C15CBD14EEA8}.Release|Win32.Build.0 = Release|Win32
		{03D618D2-BC88-4FF6-84DC-C15CBD14EEA8}.ReleaseStatic|Win32.ActiveCfg = Release|Win32
		{03D618D2-BC88-4FF6-84DC-C15CBD14EEA8}.ReleaseStatic|Win32.Build.0 = Release|Win32
		{F0BC004B-EBB3-42EC-962E-70F1C96CA83B}.Debug|Win32.ActiveCfg = Debug|Win32
		{F0BC004B-EBB3-42EC-962E-70F1C96CA83B}.Debug|Win32.Build.0 = Debug|Win32
		{F0BC004B-EBB3-42EC-962E-70F1C96CA83B}.DebugStatic|Win32.ActiveCfg = Debug|Win32
		{F0BC004B-EBB3-42EC-962E-70F1C96CA83B}.DebugStatic|Win32.Build.0 = Debug|Win32
		{F0BC004B-EBB3-42EC-962E-70F1C96CA83B}.Release|Win32.ActiveCfg = Release|Win32
		{F0BC004B-EBB3-42EC-962E-70F1C96CA83B}.Release|Win32.Build.0 = Release|Win32
		{F0BC004B-EBB3-42EC-962E-70F1C96CA83B}.ReleaseStatic|Win32.ActiveCfg = Release|Win32
		{F0BC004B-EBB3-42EC-962E-70F1C96CA83B}.ReleaseStatic|Win32.Build.0 = Release|Win32
		{2EF314E3-4A07-44CA-9E86-E303B72E4D3D}.Debug|Win32.ActiveCfg = Debug|Win32
		{2EF314E3-4A07-44CA-9E86-E303B72E4D3D}.Debug|Win32.Build.0 = Debug|Win32
		{2EF314E3-4A07-44CA-9E86-E303B72E4D3D}.DebugStatic|Win32.ActiveCfg = Debug|Win32
		{2EF314E3-4A07-44CA-9E86-E303B72E4D3D}.DebugStatic|Win32.Build.0 = Debug|Win32
		{2EF314E3-4A07-44CA-9E86-E303B72E4D3D}.Release|Win32.ActiveCfg = Release|Win32
		{2EF314E3-4A07-44CA-9E86-E303B72E4D3D}.Release|Win32.Build.0 = Release|Win32
		{2EF314E3-4A07-44CA-9E86-E303B72E4D3D}.ReleaseStatic|Win32.ActiveCfg = Release|Win32
		{2EF314E3-4A07-44CA-9E86-E303B72E4D3D}.ReleaseStatic|Win32.Build.0 = Release|Win32
		{0912BFB8-CD06-4E45-B84D-C504DBCAB902}.Debug|Win32.ActiveCfg = Debug|Win32
		{0912BFB8-CD06-4E45-B84D-C504DBCAB902}.Debug|Win32.Build.0 = Debug|Win32
		{0912BFB8-CD06-4E45-B84D-C504DBCAB902}.DebugStatic|Win32.ActiveCfg = DebugStatic|Win32
		{0912BFB8-CD06-4E45-B84D-C504DBCAB902}.DebugStatic|Win32.Build.0 = DebugStatic|Win32
		{0912BFB8-CD06-4E45-B84D-C504DBCAB902}.Release|Win32.ActiveCfg = Release|Win32
		{0912BFB8-CD06-4E45-B84D-C504DBCAB902}.Release|Win32.Build.0 = Release|Win32
		{0912BFB8-CD06-4E45-B84D-C504DBCAB902}.ReleaseStatic|Win32.ActiveCfg = ReleaseStatic|Win32
		{0912BFB8-CD06-4E45-B84D-C504DBCAB902}.ReleaseStatic|Win32.Build.0 = ReleaseStatic|Win32
		{2A92A982-3809-4543-BDA7-067487C6A68C}.Debug|Win32.ActiveCfg = Debug|Win32
		{2A92A982-3809-4543-BDA7-067487C6A68C}.Debug|Win32.Build.0 = Debug|Win32
		{2A92A982-3809-4543-BDA7-067487C6A68C}.DebugStatic|Win32.ActiveCfg = DebugStatic|Win32
		{2A92A982-3809-4543-BDA7-067487C6A68C}.DebugStatic|Win32.Build.0 = DebugStatic|Win32
		{2A92A982-3809-4543-BDA7-067487C6A68C}.Release|Win32.ActiveCfg = Release|Win32
		{2A92A982-3809-4543-BDA7-067487C6A68C}.Release|Win32.Build.0 = Release|Win32
		{2A92A982-3809-4543-BDA7-067487C6A68C}.ReleaseStatic|Win32.ActiveCfg = ReleaseStatic|Win32
		{2A92A982-3809-4543-BDA7-067487C6A68C}.ReleaseStatic|Win32.Build.0 = ReleaseStatic|Win32
	EndGlobalSection
	GlobalSection(SolutionProperties) = preSolution
		HideSolutionNode = FALSE
	EndGlobalSection
EndGlobal
